// !$*UTF8*$!
{
	archiveVersion = 1;
	classes = {
	};
	objectVersion = 46;
	objects = {

/* Begin PBXBuildFile section */
		_LinkFileRef_Cent_via_CentTests /* Cent.framework in Frameworks */ = {isa = PBXBuildFile; fileRef = "_____Product_Cent" /* Cent.framework */; };
		_LinkFileRef_Dollar_via_Cent /* Dollar.framework in Frameworks */ = {isa = PBXBuildFile; fileRef = "_____Product_Dollar" /* Dollar.framework */; };
		_LinkFileRef_Dollar_via_CentTests /* Dollar.framework in Frameworks */ = {isa = PBXBuildFile; fileRef = "_____Product_Dollar" /* Dollar.framework */; };
		"__src_cc_ref_Packages/Dollar-6.0.0/Sources/AutoBind.swift" /* AutoBind.swift in Sources */ = {isa = PBXBuildFile; fileRef = "__PBXFileRef_Packages/Dollar-6.0.0/Sources/AutoBind.swift" /* AutoBind.swift */; };
		"__src_cc_ref_Packages/Dollar-6.0.0/Sources/AutoCurry.swift" /* AutoCurry.swift in Sources */ = {isa = PBXBuildFile; fileRef = "__PBXFileRef_Packages/Dollar-6.0.0/Sources/AutoCurry.swift" /* AutoCurry.swift */; };
		"__src_cc_ref_Packages/Dollar-6.0.0/Sources/Dollar.swift" /* Dollar.swift in Sources */ = {isa = PBXBuildFile; fileRef = "__PBXFileRef_Packages/Dollar-6.0.0/Sources/Dollar.swift" /* Dollar.swift */; };
		__src_cc_ref_Sources/Array.swift /* Array.swift in Sources */ = {isa = PBXBuildFile; fileRef = __PBXFileRef_Sources/Array.swift /* Array.swift */; };
		__src_cc_ref_Sources/Date.swift /* Date.swift in Sources */ = {isa = PBXBuildFile; fileRef = __PBXFileRef_Sources/Date.swift /* Date.swift */; };
		__src_cc_ref_Sources/Dictionary.swift /* Dictionary.swift in Sources */ = {isa = PBXBuildFile; fileRef = __PBXFileRef_Sources/Dictionary.swift /* Dictionary.swift */; };
		__src_cc_ref_Sources/Int.swift /* Int.swift in Sources */ = {isa = PBXBuildFile; fileRef = __PBXFileRef_Sources/Int.swift /* Int.swift */; };
		__src_cc_ref_Sources/Range.swift /* Range.swift in Sources */ = {isa = PBXBuildFile; fileRef = __PBXFileRef_Sources/Range.swift /* Range.swift */; };
		__src_cc_ref_Sources/Regex.swift /* Regex.swift in Sources */ = {isa = PBXBuildFile; fileRef = __PBXFileRef_Sources/Regex.swift /* Regex.swift */; };
		__src_cc_ref_Sources/String.swift /* String.swift in Sources */ = {isa = PBXBuildFile; fileRef = __PBXFileRef_Sources/String.swift /* String.swift */; };
		__src_cc_ref_Tests/CentTests/CentTests.swift /* CentTests.swift in Sources */ = {isa = PBXBuildFile; fileRef = __PBXFileRef_Tests/CentTests/CentTests.swift /* CentTests.swift */; };
/* End PBXBuildFile section */

/* Begin PBXContainerItemProxy section */
		4228827D1DA2F84E00F9FD7C /* PBXContainerItemProxy */ = {
			isa = PBXContainerItemProxy;
			containerPortal = __RootObject_ /* Project object */;
			proxyType = 1;
			remoteGlobalIDString = "______Target_Dollar";
			remoteInfo = Dollar;
		};
		4228827E1DA2F84E00F9FD7C /* PBXContainerItemProxy */ = {
			isa = PBXContainerItemProxy;
			containerPortal = __RootObject_ /* Project object */;
			proxyType = 1;
			remoteGlobalIDString = "______Target_Cent";
			remoteInfo = Cent;
		};
/* End PBXContainerItemProxy section */

/* Begin PBXFileReference section */
		__PBXFileRef_Cent.xcodeproj/Configs/Project.xcconfig /* Cent.xcodeproj/Configs/Project.xcconfig */ = {isa = PBXFileReference; lastKnownFileType = text.xcconfig; path = Cent.xcodeproj/Configs/Project.xcconfig; sourceTree = "<group>"; };
		__PBXFileRef_Package.swift /* Package.swift */ = {isa = PBXFileReference; lastKnownFileType = sourcecode.swift; path = Package.swift; sourceTree = "<group>"; };
		"__PBXFileRef_Packages/Dollar-6.0.0/Sources/AutoBind.swift" /* AutoBind.swift */ = {isa = PBXFileReference; lastKnownFileType = sourcecode.swift; path = AutoBind.swift; sourceTree = "<group>"; };
		"__PBXFileRef_Packages/Dollar-6.0.0/Sources/AutoCurry.swift" /* AutoCurry.swift */ = {isa = PBXFileReference; lastKnownFileType = sourcecode.swift; path = AutoCurry.swift; sourceTree = "<group>"; };
		"__PBXFileRef_Packages/Dollar-6.0.0/Sources/Dollar.swift" /* Dollar.swift */ = {isa = PBXFileReference; lastKnownFileType = sourcecode.swift; path = Dollar.swift; sourceTree = "<group>"; };
		__PBXFileRef_Sources/Array.swift /* Array.swift */ = {isa = PBXFileReference; lastKnownFileType = sourcecode.swift; path = Array.swift; sourceTree = "<group>"; };
		__PBXFileRef_Sources/Date.swift /* Date.swift */ = {isa = PBXFileReference; lastKnownFileType = sourcecode.swift; path = Date.swift; sourceTree = "<group>"; };
		__PBXFileRef_Sources/Dictionary.swift /* Dictionary.swift */ = {isa = PBXFileReference; lastKnownFileType = sourcecode.swift; path = Dictionary.swift; sourceTree = "<group>"; };
		__PBXFileRef_Sources/Int.swift /* Int.swift */ = {isa = PBXFileReference; lastKnownFileType = sourcecode.swift; path = Int.swift; sourceTree = "<group>"; };
		__PBXFileRef_Sources/Range.swift /* Range.swift */ = {isa = PBXFileReference; lastKnownFileType = sourcecode.swift; path = Range.swift; sourceTree = "<group>"; };
		__PBXFileRef_Sources/Regex.swift /* Regex.swift */ = {isa = PBXFileReference; lastKnownFileType = sourcecode.swift; path = Regex.swift; sourceTree = "<group>"; };
		__PBXFileRef_Sources/String.swift /* String.swift */ = {isa = PBXFileReference; lastKnownFileType = sourcecode.swift; path = String.swift; sourceTree = "<group>"; };
		__PBXFileRef_Tests/CentTests/CentTests.swift /* CentTests.swift */ = {isa = PBXFileReference; lastKnownFileType = sourcecode.swift; path = CentTests.swift; sourceTree = "<group>"; };
		"_____Product_Cent" /* Cent.framework */ = {isa = PBXFileReference; explicitFileType = wrapper.framework; path = Cent.framework; sourceTree = BUILT_PRODUCTS_DIR; };
		"_____Product_CentTests" /* CentTests.xctest */ = {isa = PBXFileReference; lastKnownFileType = file; path = CentTests.xctest; sourceTree = BUILT_PRODUCTS_DIR; };
		"_____Product_Dollar" /* Dollar.framework */ = {isa = PBXFileReference; explicitFileType = wrapper.framework; path = Dollar.framework; sourceTree = BUILT_PRODUCTS_DIR; };
/* End PBXFileReference section */

/* Begin PBXFrameworksBuildPhase section */
		"___LinkPhase_Cent" /* Frameworks */ = {
			isa = PBXFrameworksBuildPhase;
			buildActionMask = 0;
			files = (
				_LinkFileRef_Dollar_via_Cent /* Dollar.framework in Frameworks */,
			);
			runOnlyForDeploymentPostprocessing = 0;
		};
		"___LinkPhase_CentTests" /* Frameworks */ = {
			isa = PBXFrameworksBuildPhase;
			buildActionMask = 0;
			files = (
				_LinkFileRef_Dollar_via_CentTests /* Dollar.framework in Frameworks */,
				_LinkFileRef_Cent_via_CentTests /* Cent.framework in Frameworks */,
			);
			runOnlyForDeploymentPostprocessing = 0;
		};
		"___LinkPhase_Dollar" /* Frameworks */ = {
			isa = PBXFrameworksBuildPhase;
			buildActionMask = 0;
			files = (
			);
			runOnlyForDeploymentPostprocessing = 0;
		};
/* End PBXFrameworksBuildPhase section */

/* Begin PBXGroup section */
		Dependencies_ /* Dependencies */ = {
			isa = PBXGroup;
			children = (
				"_______Group_Dollar" /* Dollar */,
			);
			name = Dependencies;
			sourceTree = "<group>";
		};
		TestProducts_ /* Tests */ = {
			isa = PBXGroup;
			children = (
				"_____Product_CentTests" /* CentTests.xctest */,
			);
			name = Tests;
			sourceTree = "<group>";
		};
		"___RootGroup_" = {
			isa = PBXGroup;
			children = (
				__PBXFileRef_Package.swift /* Package.swift */,
				"_____Configs_" /* Configs */,
				"_____Sources_" /* Sources */,
				Dependencies_ /* Dependencies */,
				"_______Tests_" /* Tests */,
				"____Products_" /* Products */,
			);
			sourceTree = "<group>";
		};
		"____Products_" /* Products */ = {
			isa = PBXGroup;
			children = (
				TestProducts_ /* Tests */,
				"_____Product_Dollar" /* Dollar.framework */,
				"_____Product_Cent" /* Cent.framework */,
			);
			name = Products;
			sourceTree = "<group>";
		};
		"_____Configs_" /* Configs */ = {
			isa = PBXGroup;
			children = (
				__PBXFileRef_Cent.xcodeproj/Configs/Project.xcconfig /* Cent.xcodeproj/Configs/Project.xcconfig */,
			);
			name = Configs;
			sourceTree = "<group>";
		};
		"_____Sources_" /* Sources */ = {
			isa = PBXGroup;
			children = (
				"_______Group_Cent" /* Cent */,
			);
			name = Sources;
			sourceTree = "<group>";
		};
		"_______Group_Cent" /* Cent */ = {
			isa = PBXGroup;
			children = (
				__PBXFileRef_Sources/Array.swift /* Array.swift */,
				__PBXFileRef_Sources/Date.swift /* Date.swift */,
				__PBXFileRef_Sources/Dictionary.swift /* Dictionary.swift */,
				__PBXFileRef_Sources/Int.swift /* Int.swift */,
				__PBXFileRef_Sources/Range.swift /* Range.swift */,
				__PBXFileRef_Sources/Regex.swift /* Regex.swift */,
				__PBXFileRef_Sources/String.swift /* String.swift */,
			);
			name = Cent;
			path = Sources;
			sourceTree = "<group>";
		};
		"_______Group_CentTests" /* CentTests */ = {
			isa = PBXGroup;
			children = (
				__PBXFileRef_Tests/CentTests/CentTests.swift /* CentTests.swift */,
			);
			name = CentTests;
			path = Tests/CentTests;
			sourceTree = "<group>";
		};
		"_______Group_Dollar" /* Dollar */ = {
			isa = PBXGroup;
			children = (
				"__PBXFileRef_Packages/Dollar-6.0.0/Sources/AutoBind.swift" /* AutoBind.swift */,
				"__PBXFileRef_Packages/Dollar-6.0.0/Sources/AutoCurry.swift" /* AutoCurry.swift */,
				"__PBXFileRef_Packages/Dollar-6.0.0/Sources/Dollar.swift" /* Dollar.swift */,
			);
			name = Dollar;
			path = "Packages/Dollar-6.0.0/Sources";
			sourceTree = "<group>";
		};
		"_______Tests_" /* Tests */ = {
			isa = PBXGroup;
			children = (
				"_______Group_CentTests" /* CentTests */,
			);
			name = Tests;
			sourceTree = "<group>";
		};
/* End PBXGroup section */

/* Begin PBXNativeTarget section */
		"______Target_Cent" /* Cent */ = {
			isa = PBXNativeTarget;
			buildConfigurationList = "_______Confs_Cent" /* Build configuration list for PBXNativeTarget "Cent" */;
			buildPhases = (
				CompilePhase_Cent /* Sources */,
				"___LinkPhase_Cent" /* Frameworks */,
			);
			buildRules = (
			);
			dependencies = (
				__Dependency_Dollar /* PBXTargetDependency */,
			);
			name = Cent;
			productName = Cent;
			productReference = "_____Product_Cent" /* Cent.framework */;
			productType = "com.apple.product-type.framework";
		};
		"______Target_CentTests" /* CentTests */ = {
			isa = PBXNativeTarget;
			buildConfigurationList = "_______Confs_CentTests" /* Build configuration list for PBXNativeTarget "CentTests" */;
			buildPhases = (
				CompilePhase_CentTests /* Sources */,
				"___LinkPhase_CentTests" /* Frameworks */,
			);
			buildRules = (
			);
			dependencies = (
				__Dependency_Dollar /* PBXTargetDependency */,
				__Dependency_Cent /* PBXTargetDependency */,
			);
			name = CentTests;
			productName = CentTests;
			productReference = "_____Product_CentTests" /* CentTests.xctest */;
			productType = "com.apple.product-type.bundle.unit-test";
		};
		"______Target_Dollar" /* Dollar */ = {
			isa = PBXNativeTarget;
			buildConfigurationList = "_______Confs_Dollar" /* Build configuration list for PBXNativeTarget "Dollar" */;
			buildPhases = (
				CompilePhase_Dollar /* Sources */,
				"___LinkPhase_Dollar" /* Frameworks */,
			);
			buildRules = (
			);
			dependencies = (
			);
			name = Dollar;
			productName = Dollar;
			productReference = "_____Product_Dollar" /* Dollar.framework */;
			productType = "com.apple.product-type.framework";
		};
/* End PBXNativeTarget section */

/* Begin PBXProject section */
		__RootObject_ /* Project object */ = {
			isa = PBXProject;
			attributes = {
				LastUpgradeCheck = 9999;
			};
			buildConfigurationList = "___RootConfs_" /* Build configuration list for PBXProject "Cent" */;
			compatibilityVersion = "Xcode 3.2";
			developmentRegion = English;
			hasScannedForEncodings = 0;
			knownRegions = (
				en,
			);
			mainGroup = "___RootGroup_";
			productRefGroup = "____Products_" /* Products */;
			projectDirPath = "";
			projectRoot = "";
			targets = (
				"______Target_Dollar" /* Dollar */,
				"______Target_Cent" /* Cent */,
				"______Target_CentTests" /* CentTests */,
			);
		};
/* End PBXProject section */

/* Begin PBXSourcesBuildPhase section */
		CompilePhase_Cent /* Sources */ = {
			isa = PBXSourcesBuildPhase;
			buildActionMask = 0;
			files = (
				__src_cc_ref_Sources/Array.swift /* Array.swift in Sources */,
				__src_cc_ref_Sources/Date.swift /* Date.swift in Sources */,
				__src_cc_ref_Sources/Dictionary.swift /* Dictionary.swift in Sources */,
				__src_cc_ref_Sources/Int.swift /* Int.swift in Sources */,
				__src_cc_ref_Sources/Range.swift /* Range.swift in Sources */,
				__src_cc_ref_Sources/Regex.swift /* Regex.swift in Sources */,
				__src_cc_ref_Sources/String.swift /* String.swift in Sources */,
			);
			runOnlyForDeploymentPostprocessing = 0;
		};
		CompilePhase_CentTests /* Sources */ = {
			isa = PBXSourcesBuildPhase;
			buildActionMask = 0;
			files = (
				__src_cc_ref_Tests/CentTests/CentTests.swift /* CentTests.swift in Sources */,
			);
			runOnlyForDeploymentPostprocessing = 0;
		};
		CompilePhase_Dollar /* Sources */ = {
			isa = PBXSourcesBuildPhase;
			buildActionMask = 0;
			files = (
				"__src_cc_ref_Packages/Dollar-6.0.0/Sources/AutoBind.swift" /* AutoBind.swift in Sources */,
				"__src_cc_ref_Packages/Dollar-6.0.0/Sources/AutoCurry.swift" /* AutoCurry.swift in Sources */,
				"__src_cc_ref_Packages/Dollar-6.0.0/Sources/Dollar.swift" /* Dollar.swift in Sources */,
			);
			runOnlyForDeploymentPostprocessing = 0;
		};
/* End PBXSourcesBuildPhase section */

/* Begin PBXTargetDependency section */
		__Dependency_Cent /* PBXTargetDependency */ = {
			isa = PBXTargetDependency;
			target = "______Target_Cent" /* Cent */;
			targetProxy = 4228827E1DA2F84E00F9FD7C /* PBXContainerItemProxy */;
		};
		__Dependency_Dollar /* PBXTargetDependency */ = {
			isa = PBXTargetDependency;
			target = "______Target_Dollar" /* Dollar */;
			targetProxy = 4228827D1DA2F84E00F9FD7C /* PBXContainerItemProxy */;
		};
/* End PBXTargetDependency section */

/* Begin XCBuildConfiguration section */
		_ReleaseConf_Cent /* Release */ = {
			isa = XCBuildConfiguration;
			buildSettings = {
				ENABLE_TESTABILITY = YES;
				FRAMEWORK_SEARCH_PATHS = "$(PLATFORM_DIR)/Developer/Library/Frameworks";
				INFOPLIST_FILE = Cent.xcodeproj/Cent_Info.plist;
				LD_RUNPATH_SEARCH_PATHS = "$(TOOLCHAIN_DIR)/usr/lib/swift/macosx";
				OTHER_LDFLAGS = "$(inherited)";
				OTHER_SWIFT_FLAGS = "$(inherited)";
				PRODUCT_BUNDLE_IDENTIFIER = Cent;
				PRODUCT_MODULE_NAME = "$(TARGET_NAME:c99extidentifier)";
				PRODUCT_NAME = "$(TARGET_NAME:c99extidentifier)";
				SWIFT_VERSION = 3.0;
			};
			name = Release;
		};
		_ReleaseConf_CentTests /* Release */ = {
			isa = XCBuildConfiguration;
			buildSettings = {
				EMBEDDED_CONTENT_CONTAINS_SWIFT = YES;
				FRAMEWORK_SEARCH_PATHS = "$(PLATFORM_DIR)/Developer/Library/Frameworks";
				INFOPLIST_FILE = Cent.xcodeproj/CentTests_Info.plist;
				LD_RUNPATH_SEARCH_PATHS = "@loader_path/../Frameworks";
				OTHER_LDFLAGS = "$(inherited)";
				OTHER_SWIFT_FLAGS = "$(inherited)";
				SWIFT_VERSION = 3.0;
			};
			name = Release;
		};
		_ReleaseConf_Dollar /* Release */ = {
			isa = XCBuildConfiguration;
			buildSettings = {
				ENABLE_TESTABILITY = YES;
				FRAMEWORK_SEARCH_PATHS = "$(PLATFORM_DIR)/Developer/Library/Frameworks";
				INFOPLIST_FILE = Cent.xcodeproj/Dollar_Info.plist;
				LD_RUNPATH_SEARCH_PATHS = "$(TOOLCHAIN_DIR)/usr/lib/swift/macosx";
				OTHER_LDFLAGS = "$(inherited)";
				OTHER_SWIFT_FLAGS = "$(inherited)";
				PRODUCT_BUNDLE_IDENTIFIER = Dollar;
				PRODUCT_MODULE_NAME = "$(TARGET_NAME:c99extidentifier)";
				PRODUCT_NAME = "$(TARGET_NAME:c99extidentifier)";
				SWIFT_VERSION = 3.0;
			};
			name = Release;
		};
		"___DebugConf_Cent" /* Debug */ = {
			isa = XCBuildConfiguration;
			buildSettings = {
				ENABLE_TESTABILITY = YES;
				FRAMEWORK_SEARCH_PATHS = "$(PLATFORM_DIR)/Developer/Library/Frameworks";
				INFOPLIST_FILE = Cent.xcodeproj/Cent_Info.plist;
				LD_RUNPATH_SEARCH_PATHS = "$(TOOLCHAIN_DIR)/usr/lib/swift/macosx";
				OTHER_LDFLAGS = "$(inherited)";
				OTHER_SWIFT_FLAGS = "$(inherited)";
				PRODUCT_BUNDLE_IDENTIFIER = Cent;
				PRODUCT_MODULE_NAME = "$(TARGET_NAME:c99extidentifier)";
				PRODUCT_NAME = "$(TARGET_NAME:c99extidentifier)";
				SWIFT_OPTIMIZATION_LEVEL = "-Onone";
				SWIFT_VERSION = 3.0;
			};
			name = Debug;
		};
		"___DebugConf_CentTests" /* Debug */ = {
			isa = XCBuildConfiguration;
			buildSettings = {
				EMBEDDED_CONTENT_CONTAINS_SWIFT = YES;
				FRAMEWORK_SEARCH_PATHS = "$(PLATFORM_DIR)/Developer/Library/Frameworks";
				INFOPLIST_FILE = Cent.xcodeproj/CentTests_Info.plist;
				LD_RUNPATH_SEARCH_PATHS = "@loader_path/../Frameworks";
				OTHER_LDFLAGS = "$(inherited)";
				OTHER_SWIFT_FLAGS = "$(inherited)";
				SWIFT_OPTIMIZATION_LEVEL = "-Onone";
				SWIFT_VERSION = 3.0;
			};
			name = Debug;
		};
		"___DebugConf_Dollar" /* Debug */ = {
			isa = XCBuildConfiguration;
			buildSettings = {
				ENABLE_TESTABILITY = YES;
				FRAMEWORK_SEARCH_PATHS = "$(PLATFORM_DIR)/Developer/Library/Frameworks";
				INFOPLIST_FILE = Cent.xcodeproj/Dollar_Info.plist;
				LD_RUNPATH_SEARCH_PATHS = "$(TOOLCHAIN_DIR)/usr/lib/swift/macosx";
				OTHER_LDFLAGS = "$(inherited)";
				OTHER_SWIFT_FLAGS = "$(inherited)";
				PRODUCT_BUNDLE_IDENTIFIER = Dollar;
				PRODUCT_MODULE_NAME = "$(TARGET_NAME:c99extidentifier)";
				PRODUCT_NAME = "$(TARGET_NAME:c99extidentifier)";
				SWIFT_OPTIMIZATION_LEVEL = "-Onone";
				SWIFT_VERSION = 3.0;
			};
			name = Debug;
		};
		"_____Release_" /* Release */ = {
			isa = XCBuildConfiguration;
			baseConfigurationReference = __PBXFileRef_Cent.xcodeproj/Configs/Project.xcconfig /* Cent.xcodeproj/Configs/Project.xcconfig */;
			buildSettings = {
			};
			name = Release;
		};
		"_______Debug_" /* Debug */ = {
			isa = XCBuildConfiguration;
			baseConfigurationReference = __PBXFileRef_Cent.xcodeproj/Configs/Project.xcconfig /* Cent.xcodeproj/Configs/Project.xcconfig */;
			buildSettings = {
			};
			name = Debug;
		};
/* End XCBuildConfiguration section */

/* Begin XCConfigurationList section */
		"___RootConfs_" /* Build configuration list for PBXProject "Cent" */ = {
			isa = XCConfigurationList;
			buildConfigurations = (
				"_______Debug_" /* Debug */,
				"_____Release_" /* Release */,
			);
			defaultConfigurationIsVisible = 0;
			defaultConfigurationName = Debug;
		};
		"_______Confs_Cent" /* Build configuration list for PBXNativeTarget "Cent" */ = {
			isa = XCConfigurationList;
			buildConfigurations = (
				"___DebugConf_Cent" /* Debug */,
				_ReleaseConf_Cent /* Release */,
			);
			defaultConfigurationIsVisible = 0;
			defaultConfigurationName = Debug;
		};
		"_______Confs_CentTests" /* Build configuration list for PBXNativeTarget "CentTests" */ = {
			isa = XCConfigurationList;
			buildConfigurations = (
				"___DebugConf_CentTests" /* Debug */,
				_ReleaseConf_CentTests /* Release */,
			);
			defaultConfigurationIsVisible = 0;
			defaultConfigurationName = Debug;
		};
		"_______Confs_Dollar" /* Build configuration list for PBXNativeTarget "Dollar" */ = {
			isa = XCConfigurationList;
			buildConfigurations = (
				"___DebugConf_Dollar" /* Debug */,
				_ReleaseConf_Dollar /* Release */,
			);
			defaultConfigurationIsVisible = 0;
			defaultConfigurationName = Debug;
		};
/* End XCConfigurationList section */
	};
	rootObject = __RootObject_ /* Project object */;
}
